
Microsoft Visual Studio Solution File, Format Version 12.00
# Visual Studio Version 17
VisualStudioVersion = 17.4.33403.182
MinimumVisualStudioVersion = 10.0.40219.1
Project("{9A19103F-16F7-4668-BE54-9A1E7A4F7556}") = "BookStory.Data", "BookStory.Data\BookStory.Data.csproj", "{D7EFE9AB-4843-45A7-ACB9-B4471C196D6C}"
EndProject
Project("{9A19103F-16F7-4668-BE54-9A1E7A4F7556}") = "BookStory.App", "BookStory.App\BookStory.App.csproj", "{EF29C6B4-3C82-4D2B-A1FF-F05B1CC8126D}"
EndProject
Project("{9A19103F-16F7-4668-BE54-9A1E7A4F7556}") = "BookStory.Common", "BookStory.Common\BookStory.Common.csproj", "{5E7675E3-9AE6-4B41-9E05-067DF05EEAAA}"
EndProject
Project("{9A19103F-16F7-4668-BE54-9A1E7A4F7556}") = "BookStory.Services", "BookStory.Services\BookStory.Services.csproj", "{F6839687-B326-42AE-91B2-F27D8CC586C2}"
EndProject
Global
	GlobalSection(SolutionConfigurationPlatforms) = preSolution
		Debug|Any CPU = Debug|Any CPU
		Release|Any CPU = Release|Any CPU
	EndGlobalSection
	GlobalSection(ProjectConfigurationPlatforms) = postSolution
		{D7EFE9AB-4843-45A7-ACB9-B4471C196D6C}.Debug|Any CPU.ActiveCfg = Debug|Any CPU
		{D7EFE9AB-4843-45A7-ACB9-B4471C196D6C}.Debug|Any CPU.Build.0 = Debug|Any CPU
		{D7EFE9AB-4843-45A7-ACB9-B4471C196D6C}.Release|Any CPU.ActiveCfg = Release|Any CPU
		{D7EFE9AB-4843-45A7-ACB9-B4471C196D6C}.Release|Any CPU.Build.0 = Release|Any CPU
		{EF29C6B4-3C82-4D2B-A1FF-F05B1CC8126D}.Debug|Any CPU.ActiveCfg = Debug|Any CPU
		{EF29C6B4-3C82-4D2B-A1FF-F05B1CC8126D}.Debug|Any CPU.Build.0 = Debug|Any CPU
		{EF29C6B4-3C82-4D2B-A1FF-F05B1CC8126D}.Release|Any CPU.ActiveCfg = Release|Any CPU
		{EF29C6B4-3C82-4D2B-A1FF-F05B1CC8126D}.Release|Any CPU.Build.0 = Release|Any CPU
		{5E7675E3-9AE6-4B41-9E05-067DF05EEAAA}.Debug|Any CPU.ActiveCfg = Debug|Any CPU
		{5E7675E3-9AE6-4B41-9E05-067DF05EEAAA}.Debug|Any CPU.Build.0 = Debug|Any CPU
		{5E7675E3-9AE6-4B41-9E05-067DF05EEAAA}.Release|Any CPU.ActiveCfg = Release|Any CPU
		{5E7675E3-9AE6-4B41-9E05-067DF05EEAAA}.Release|Any CPU.Build.0 = Release|Any CPU
		{F6839687-B326-42AE-91B2-F27D8CC586C2}.Debug|Any CPU.ActiveCfg = Debug|Any CPU
		{F6839687-B326-42AE-91B2-F27D8CC586C2}.Debug|Any CPU.Build.0 = Debug|Any CPU
		{F6839687-B326-42AE-91B2-F27D8CC586C2}.Release|Any CPU.ActiveCfg = Release|Any CPU
		{F6839687-B326-42AE-91B2-F27D8CC586C2}.Release|Any CPU.Build.0 = Release|Any CPU
	EndGlobalSection
	GlobalSection(SolutionProperties) = preSolution
		HideSolutionNode = FALSE
	EndGlobalSection
	GlobalSection(ExtensibilityGlobals) = postSolution
		SolutionGuid = {073F02D9-FBD5-4ABF-88C8-385185FCB858}
	EndGlobalSection
EndGlobal
