
Microsoft Visual Studio Solution File, Format Version 12.00
# Visual Studio Version 16
VisualStudioVersion = 16.0.31624.102
MinimumVisualStudioVersion = 10.0.40219.1
Project("{9A19103F-16F7-4668-BE54-9A1E7A4F7556}") = "01. Encrypt, Sort and Print Array", "01. Encrypt, Sort and Print Array\01. Encrypt, Sort and Print Array.csproj", "{B9AA66E0-1BA3-4195-A0E4-E810074E959C}"
EndProject
Project("{9A19103F-16F7-4668-BE54-9A1E7A4F7556}") = "02. Pascal Triangle", "02. Pascal Triangle\02. Pascal Triangle.csproj", "{14760FA4-A006-4FDF-A92E-A221D860E6BF}"
EndProject
Project("{9A19103F-16F7-4668-BE54-9A1E7A4F7556}") = "03. Recursive Fibonacci", "03. Recursive Fibonacci\03. Recursive Fibonacci.csproj", "{F5F834C4-C0FB-4198-875F-8AE338B856B0}"
EndProject
Project("{9A19103F-16F7-4668-BE54-9A1E7A4F7556}") = "04. Fold and Sum", "04. Fold and Sum\04. Fold and Sum.csproj", "{A4B5ACE7-C4BD-44D6-A0F9-DB336A860737}"
EndProject
Project("{FAE04EC0-301F-11D3-BF4B-00C04F79EFBC}") = "05. Longest Increasing Subsequence", "05. Longest Increasing Subsequence\05. Longest Increasing Subsequence.csproj", "{14405DD8-DE01-479A-B30D-113180E3CF92}"
EndProject
Global
	GlobalSection(SolutionConfigurationPlatforms) = preSolution
		Debug|Any CPU = Debug|Any CPU
		Release|Any CPU = Release|Any CPU
	EndGlobalSection
	GlobalSection(ProjectConfigurationPlatforms) = postSolution
		{B9AA66E0-1BA3-4195-A0E4-E810074E959C}.Debug|Any CPU.ActiveCfg = Debug|Any CPU
		{B9AA66E0-1BA3-4195-A0E4-E810074E959C}.Debug|Any CPU.Build.0 = Debug|Any CPU
		{B9AA66E0-1BA3-4195-A0E4-E810074E959C}.Release|Any CPU.ActiveCfg = Release|Any CPU
		{B9AA66E0-1BA3-4195-A0E4-E810074E959C}.Release|Any CPU.Build.0 = Release|Any CPU
		{14760FA4-A006-4FDF-A92E-A221D860E6BF}.Debug|Any CPU.ActiveCfg = Debug|Any CPU
		{14760FA4-A006-4FDF-A92E-A221D860E6BF}.Debug|Any CPU.Build.0 = Debug|Any CPU
		{14760FA4-A006-4FDF-A92E-A221D860E6BF}.Release|Any CPU.ActiveCfg = Release|Any CPU
		{14760FA4-A006-4FDF-A92E-A221D860E6BF}.Release|Any CPU.Build.0 = Release|Any CPU
		{F5F834C4-C0FB-4198-875F-8AE338B856B0}.Debug|Any CPU.ActiveCfg = Debug|Any CPU
		{F5F834C4-C0FB-4198-875F-8AE338B856B0}.Debug|Any CPU.Build.0 = Debug|Any CPU
		{F5F834C4-C0FB-4198-875F-8AE338B856B0}.Release|Any CPU.ActiveCfg = Release|Any CPU
		{F5F834C4-C0FB-4198-875F-8AE338B856B0}.Release|Any CPU.Build.0 = Release|Any CPU
		{A4B5ACE7-C4BD-44D6-A0F9-DB336A860737}.Debug|Any CPU.ActiveCfg = Debug|Any CPU
		{A4B5ACE7-C4BD-44D6-A0F9-DB336A860737}.Debug|Any CPU.Build.0 = Debug|Any CPU
		{A4B5ACE7-C4BD-44D6-A0F9-DB336A860737}.Release|Any CPU.ActiveCfg = Release|Any CPU
		{A4B5ACE7-C4BD-44D6-A0F9-DB336A860737}.Release|Any CPU.Build.0 = Release|Any CPU
		{14405DD8-DE01-479A-B30D-113180E3CF92}.Debug|Any CPU.ActiveCfg = Debug|Any CPU
		{14405DD8-DE01-479A-B30D-113180E3CF92}.Debug|Any CPU.Build.0 = Debug|Any CPU
		{14405DD8-DE01-479A-B30D-113180E3CF92}.Release|Any CPU.ActiveCfg = Release|Any CPU
		{14405DD8-DE01-479A-B30D-113180E3CF92}.Release|Any CPU.Build.0 = Release|Any CPU
	EndGlobalSection
	GlobalSection(SolutionProperties) = preSolution
		HideSolutionNode = FALSE
	EndGlobalSection
	GlobalSection(ExtensibilityGlobals) = postSolution
		SolutionGuid = {A0346DAE-1E4D-48D6-8605-FAA4040A5BE5}
	EndGlobalSection
EndGlobal
